
Microsoft Visual Studio Solution File, Format Version 12.00
# Visual Studio Version 16
VisualStudioVersion = 16.0.30517.126
MinimumVisualStudioVersion = 10.0.40219.1
Project("{FAE04EC0-301F-11D3-BF4B-00C04F79EFBC}") = "KoekoeBot", "KoekoeBot\KoekoeBot.csproj", "{A01D3B0E-5218-4A44-A65F-36790C1349B7}"
EndProject
Project("{2150E333-8FDC-42A3-9474-1A3956D46DE8}") = "DSharpPlus", "DSharpPlus", "{A5AF2164-B049-19C2-D760-21F6AE01AD25}"
EndProject
Project("{FAE04EC0-301F-11D3-BF4B-00C04F79EFBC}") = "DSharpPlus", "DSharpPlus-Repo\DSharpPlus\DSharpPlus.csproj", "{18B40A5C-5C83-42A5-B21D-AD4EFD7B9042}"
EndProject
Project("{FAE04EC0-301F-11D3-BF4B-00C04F79EFBC}") = "DSharpPlus.Analyzers", "DSharpPlus-Repo\DSharpPlus.Analyzers\DSharpPlus.Analyzers\DSharpPlus.Analyzers.csproj", "{F6E4D8D7-F232-48AE-A13C-53C57B3E6265}"
EndProject
Project("{FAE04EC0-301F-11D3-BF4B-00C04F79EFBC}") = "DSharpPlus.Voice", "DSharpPlus-Repo\DSharpPlus.Voice\DSharpPlus.Voice.csproj", "{262B918D-1BA6-44C9-811F-D337113D1DA9}"
EndProject
Project("{FAE04EC0-301F-11D3-BF4B-00C04F79EFBC}") = "DSharpPlus.Interactivity", "DSharpPlus-Repo\DSharpPlus.Interactivity\DSharpPlus.Interactivity.csproj", "{82B9C8C9-9716-49AA-8993-7D9BF7F8FB93}"
EndProject
Project("{FAE04EC0-301F-11D3-BF4B-00C04F79EFBC}") = "DSharpPlus.Commands", "DSharpPlus-Repo\DSharpPlus.Commands\DSharpPlus.Commands.csproj", "{835AFCB3-6E6B-4662-B67B-1DCB054838FE}"
EndProject
Global
	GlobalSection(SolutionConfigurationPlatforms) = preSolution
		Debug|Any CPU = Debug|Any CPU
		Debug|x64 = Debug|x64
		Debug|x86 = Debug|x86
		Release|Any CPU = Release|Any CPU
		Release|x64 = Release|x64
		Release|x86 = Release|x86
	EndGlobalSection
	GlobalSection(ProjectConfigurationPlatforms) = postSolution
		{A01D3B0E-5218-4A44-A65F-36790C1349B7}.Debug|Any CPU.ActiveCfg = Debug|Any CPU
		{A01D3B0E-5218-4A44-A65F-36790C1349B7}.Debug|Any CPU.Build.0 = Debug|Any CPU
		{A01D3B0E-5218-4A44-A65F-36790C1349B7}.Debug|x64.ActiveCfg = Debug|Any CPU
		{A01D3B0E-5218-4A44-A65F-36790C1349B7}.Debug|x64.Build.0 = Debug|Any CPU
		{A01D3B0E-5218-4A44-A65F-36790C1349B7}.Debug|x86.ActiveCfg = Debug|Any CPU
		{A01D3B0E-5218-4A44-A65F-36790C1349B7}.Debug|x86.Build.0 = Debug|Any CPU
		{A01D3B0E-5218-4A44-A65F-36790C1349B7}.Release|Any CPU.ActiveCfg = Release|Any CPU
		{A01D3B0E-5218-4A44-A65F-36790C1349B7}.Release|Any CPU.Build.0 = Release|Any CPU
		{A01D3B0E-5218-4A44-A65F-36790C1349B7}.Release|x64.ActiveCfg = Release|Any CPU
		{A01D3B0E-5218-4A44-A65F-36790C1349B7}.Release|x64.Build.0 = Release|Any CPU
		{A01D3B0E-5218-4A44-A65F-36790C1349B7}.Release|x86.ActiveCfg = Release|Any CPU
		{A01D3B0E-5218-4A44-A65F-36790C1349B7}.Release|x86.Build.0 = Release|Any CPU
		{18B40A5C-5C83-42A5-B21D-AD4EFD7B9042}.Debug|Any CPU.ActiveCfg = Debug|Any CPU
		{18B40A5C-5C83-42A5-B21D-AD4EFD7B9042}.Debug|Any CPU.Build.0 = Debug|Any CPU
		{18B40A5C-5C83-42A5-B21D-AD4EFD7B9042}.Debug|x64.ActiveCfg = Debug|Any CPU
		{18B40A5C-5C83-42A5-B21D-AD4EFD7B9042}.Debug|x64.Build.0 = Debug|Any CPU
		{18B40A5C-5C83-42A5-B21D-AD4EFD7B9042}.Debug|x86.ActiveCfg = Debug|Any CPU
		{18B40A5C-5C83-42A5-B21D-AD4EFD7B9042}.Debug|x86.Build.0 = Debug|Any CPU
		{18B40A5C-5C83-42A5-B21D-AD4EFD7B9042}.Release|Any CPU.ActiveCfg = Release|Any CPU
		{18B40A5C-5C83-42A5-B21D-AD4EFD7B9042}.Release|Any CPU.Build.0 = Release|Any CPU
		{18B40A5C-5C83-42A5-B21D-AD4EFD7B9042}.Release|x64.ActiveCfg = Release|Any CPU
		{18B40A5C-5C83-42A5-B21D-AD4EFD7B9042}.Release|x64.Build.0 = Release|Any CPU
		{18B40A5C-5C83-42A5-B21D-AD4EFD7B9042}.Release|x86.ActiveCfg = Release|Any CPU
		{18B40A5C-5C83-42A5-B21D-AD4EFD7B9042}.Release|x86.Build.0 = Release|Any CPU
		{F6E4D8D7-F232-48AE-A13C-53C57B3E6265}.Debug|Any CPU.ActiveCfg = Debug|Any CPU
		{F6E4D8D7-F232-48AE-A13C-53C57B3E6265}.Debug|Any CPU.Build.0 = Debug|Any CPU
		{F6E4D8D7-F232-48AE-A13C-53C57B3E6265}.Debug|x64.ActiveCfg = Debug|Any CPU
		{F6E4D8D7-F232-48AE-A13C-53C57B3E6265}.Debug|x64.Build.0 = Debug|Any CPU
		{F6E4D8D7-F232-48AE-A13C-53C57B3E6265}.Debug|x86.ActiveCfg = Debug|Any CPU
		{F6E4D8D7-F232-48AE-A13C-53C57B3E6265}.Debug|x86.Build.0 = Debug|Any CPU
		{F6E4D8D7-F232-48AE-A13C-53C57B3E6265}.Release|Any CPU.ActiveCfg = Release|Any CPU
		{F6E4D8D7-F232-48AE-A13C-53C57B3E6265}.Release|Any CPU.Build.0 = Release|Any CPU
		{F6E4D8D7-F232-48AE-A13C-53C57B3E6265}.Release|x64.ActiveCfg = Release|Any CPU
		{F6E4D8D7-F232-48AE-A13C-53C57B3E6265}.Release|x64.Build.0 = Release|Any CPU
		{F6E4D8D7-F232-48AE-A13C-53C57B3E6265}.Release|x86.ActiveCfg = Release|Any CPU
		{F6E4D8D7-F232-48AE-A13C-53C57B3E6265}.Release|x86.Build.0 = Release|Any CPU
		{262B918D-1BA6-44C9-811F-D337113D1DA9}.Debug|Any CPU.ActiveCfg = Debug|Any CPU
		{262B918D-1BA6-44C9-811F-D337113D1DA9}.Debug|Any CPU.Build.0 = Debug|Any CPU
		{262B918D-1BA6-44C9-811F-D337113D1DA9}.Debug|x64.ActiveCfg = Debug|Any CPU
		{262B918D-1BA6-44C9-811F-D337113D1DA9}.Debug|x64.Build.0 = Debug|Any CPU
		{262B918D-1BA6-44C9-811F-D337113D1DA9}.Debug|x86.ActiveCfg = Debug|Any CPU
		{262B918D-1BA6-44C9-811F-D337113D1DA9}.Debug|x86.Build.0 = Debug|Any CPU
		{262B918D-1BA6-44C9-811F-D337113D1DA9}.Release|Any CPU.ActiveCfg = Release|Any CPU
		{262B918D-1BA6-44C9-811F-D337113D1DA9}.Release|Any CPU.Build.0 = Release|Any CPU
		{262B918D-1BA6-44C9-811F-D337113D1DA9}.Release|x64.ActiveCfg = Release|Any CPU
		{262B918D-1BA6-44C9-811F-D337113D1DA9}.Release|x64.Build.0 = Release|Any CPU
		{262B918D-1BA6-44C9-811F-D337113D1DA9}.Release|x86.ActiveCfg = Release|Any CPU
		{262B918D-1BA6-44C9-811F-D337113D1DA9}.Release|x86.Build.0 = Release|Any CPU
		{82B9C8C9-9716-49AA-8993-7D9BF7F8FB93}.Debug|Any CPU.ActiveCfg = Debug|Any CPU
		{82B9C8C9-9716-49AA-8993-7D9BF7F8FB93}.Debug|Any CPU.Build.0 = Debug|Any CPU
		{82B9C8C9-9716-49AA-8993-7D9BF7F8FB93}.Debug|x64.ActiveCfg = Debug|Any CPU
		{82B9C8C9-9716-49AA-8993-7D9BF7F8FB93}.Debug|x64.Build.0 = Debug|Any CPU
		{82B9C8C9-9716-49AA-8993-7D9BF7F8FB93}.Debug|x86.ActiveCfg = Debug|Any CPU
		{82B9C8C9-9716-49AA-8993-7D9BF7F8FB93}.Debug|x86.Build.0 = Debug|Any CPU
		{82B9C8C9-9716-49AA-8993-7D9BF7F8FB93}.Release|Any CPU.ActiveCfg = Release|Any CPU
		{82B9C8C9-9716-49AA-8993-7D9BF7F8FB93}.Release|Any CPU.Build.0 = Release|Any CPU
		{82B9C8C9-9716-49AA-8993-7D9BF7F8FB93}.Release|x64.ActiveCfg = Release|Any CPU
		{82B9C8C9-9716-49AA-8993-7D9BF7F8FB93}.Release|x64.Build.0 = Release|Any CPU
		{82B9C8C9-9716-49AA-8993-7D9BF7F8FB93}.Release|x86.ActiveCfg = Release|Any CPU
		{82B9C8C9-9716-49AA-8993-7D9BF7F8FB93}.Release|x86.Build.0 = Release|Any CPU
		{835AFCB3-6E6B-4662-B67B-1DCB054838FE}.Debug|Any CPU.ActiveCfg = Debug|Any CPU
		{835AFCB3-6E6B-4662-B67B-1DCB054838FE}.Debug|Any CPU.Build.0 = Debug|Any CPU
		{835AFCB3-6E6B-4662-B67B-1DCB054838FE}.Debug|x64.ActiveCfg = Debug|Any CPU
		{835AFCB3-6E6B-4662-B67B-1DCB054838FE}.Debug|x64.Build.0 = Debug|Any CPU
		{835AFCB3-6E6B-4662-B67B-1DCB054838FE}.Debug|x86.ActiveCfg = Debug|Any CPU
		{835AFCB3-6E6B-4662-B67B-1DCB054838FE}.Debug|x86.Build.0 = Debug|Any CPU
		{835AFCB3-6E6B-4662-B67B-1DCB054838FE}.Release|Any CPU.ActiveCfg = Release|Any CPU
		{835AFCB3-6E6B-4662-B67B-1DCB054838FE}.Release|Any CPU.Build.0 = Release|Any CPU
		{835AFCB3-6E6B-4662-B67B-1DCB054838FE}.Release|x64.ActiveCfg = Release|Any CPU
		{835AFCB3-6E6B-4662-B67B-1DCB054838FE}.Release|x64.Build.0 = Release|Any CPU
		{835AFCB3-6E6B-4662-B67B-1DCB054838FE}.Release|x86.ActiveCfg = Release|Any CPU
		{835AFCB3-6E6B-4662-B67B-1DCB054838FE}.Release|x86.Build.0 = Release|Any CPU
	EndGlobalSection
	GlobalSection(SolutionProperties) = preSolution
		HideSolutionNode = FALSE
	EndGlobalSection
	GlobalSection(NestedProjects) = preSolution
		{18B40A5C-5C83-42A5-B21D-AD4EFD7B9042} = {A5AF2164-B049-19C2-D760-21F6AE01AD25}
		{F6E4D8D7-F232-48AE-A13C-53C57B3E6265} = {A5AF2164-B049-19C2-D760-21F6AE01AD25}
		{262B918D-1BA6-44C9-811F-D337113D1DA9} = {A5AF2164-B049-19C2-D760-21F6AE01AD25}
		{82B9C8C9-9716-49AA-8993-7D9BF7F8FB93} = {A5AF2164-B049-19C2-D760-21F6AE01AD25}
		{835AFCB3-6E6B-4662-B67B-1DCB054838FE} = {A5AF2164-B049-19C2-D760-21F6AE01AD25}
	EndGlobalSection
	GlobalSection(ExtensibilityGlobals) = postSolution
		SolutionGuid = {DD17DAFB-DF0A-4084-9760-EB9BDD05F751}
	EndGlobalSection
EndGlobal
